
Microsoft Visual Studio Solution File, Format Version 12.00
# Visual Studio Version 16
VisualStudioVersion = 16.0.29709.97
MinimumVisualStudioVersion = 10.0.40219.1
Project("{FAE04EC0-301F-11D3-BF4B-00C04F79EFBC}") = "WebApp", "WebApp\WebApp.csproj", "{94187B0F-EE9A-4766-8486-EF4AEA323AFF}"
EndProject
Project("{FAE04EC0-301F-11D3-BF4B-00C04F79EFBC}") = "WebApi", "WebApi\WebApi.csproj", "{5E709753-43C9-44F3-8C82-4AA5CA709A08}"
EndProject
Global
	GlobalSection(SolutionConfigurationPlatforms) = preSolution
		Debug|Any CPU = Debug|Any CPU
		Release|Any CPU = Release|Any CPU
	EndGlobalSection
	GlobalSection(ProjectConfigurationPlatforms) = postSolution
		{94187B0F-EE9A-4766-8486-EF4AEA323AFF}.Debug|Any CPU.ActiveCfg = Debug|Any CPU
		{94187B0F-EE9A-4766-8486-EF4AEA323AFF}.Debug|Any CPU.Build.0 = Debug|Any CPU
		{94187B0F-EE9A-4766-8486-EF4AEA323AFF}.Release|Any CPU.ActiveCfg = Release|Any CPU
		{94187B0F-EE9A-4766-8486-EF4AEA323AFF}.Release|Any CPU.Build.0 = Release|Any CPU
		{5E709753-43C9-44F3-8C82-4AA5CA709A08}.Debug|Any CPU.ActiveCfg = Debug|Any CPU
		{5E709753-43C9-44F3-8C82-4AA5CA709A08}.Debug|Any CPU.Build.0 = Debug|Any CPU
		{5E709753-43C9-44F3-8C82-4AA5CA709A08}.Release|Any CPU.ActiveCfg = Release|Any CPU
		{5E709753-43C9-44F3-8C82-4AA5CA709A08}.Release|Any CPU.Build.0 = Release|Any CPU
	EndGlobalSection
	GlobalSection(SolutionProperties) = preSolution
		HideSolutionNode = FALSE
	EndGlobalSection
	GlobalSection(ExtensibilityGlobals) = postSolution
		SolutionGuid = {26569EE2-F139-463A-AC3F-A30AD3832232}
	EndGlobalSection
EndGlobal
